// !$*UTF8*$!
{
	archiveVersion = 1;
	classes = {
	};
	objectVersion = 55;
	objects = {

/* Begin PBXBuildFile section */
		DC224EBE28BB3E5900F8760D /* CartView.swift in Sources */ = {isa = PBXBuildFile; fileRef = DC224EBD28BB3E5900F8760D /* CartView.swift */; };
		DC224EC028BB480700F8760D /* MakingTheOrderView.swift in Sources */ = {isa = PBXBuildFile; fileRef = DC224EBF28BB480700F8760D /* MakingTheOrderView.swift */; };
		DC4807E328BB7E8A001416B6 /* TextField+.swift in Sources */ = {isa = PBXBuildFile; fileRef = DC4807E228BB7E8A001416B6 /* TextField+.swift */; };
		DC4807E528BB8328001416B6 /* CompletedOrderView.swift in Sources */ = {isa = PBXBuildFile; fileRef = DC4807E428BB8328001416B6 /* CompletedOrderView.swift */; };
		DC4807E828BC8965001416B6 /* ProfileView.swift in Sources */ = {isa = PBXBuildFile; fileRef = DC4807E728BC8965001416B6 /* ProfileView.swift */; };
		DC4807EA28BC8CC2001416B6 /* UserInfoView.swift in Sources */ = {isa = PBXBuildFile; fileRef = DC4807E928BC8CC2001416B6 /* UserInfoView.swift */; };
		DC4807EC28BC9261001416B6 /* ShopsView.swift in Sources */ = {isa = PBXBuildFile; fileRef = DC4807EB28BC9261001416B6 /* ShopsView.swift */; };
		DC4807EE28BC9456001416B6 /* FavouriteProductsView.swift in Sources */ = {isa = PBXBuildFile; fileRef = DC4807ED28BC9456001416B6 /* FavouriteProductsView.swift */; };
		DC4807F028BC949F001416B6 /* ServiceInfoView.swift in Sources */ = {isa = PBXBuildFile; fileRef = DC4807EF28BC949F001416B6 /* ServiceInfoView.swift */; };
		DC4807F228BC9925001416B6 /* ImagePicker.swift in Sources */ = {isa = PBXBuildFile; fileRef = DC4807F128BC9925001416B6 /* ImagePicker.swift */; };
		DC4807F428C9DC8F001416B6 /* User.swift in Sources */ = {isa = PBXBuildFile; fileRef = DC4807F328C9DC8F001416B6 /* User.swift */; };
		DC4807F828CA9D1A001416B6 /* DeliveryInfoView.swift in Sources */ = {isa = PBXBuildFile; fileRef = DC4807F728CA9D1A001416B6 /* DeliveryInfoView.swift */; };
		DC4807FA28CB123F001416B6 /* ConfidentialView.swift in Sources */ = {isa = PBXBuildFile; fileRef = DC4807F928CB123F001416B6 /* ConfidentialView.swift */; };
		DC4807FC28CB1A28001416B6 /* HideKeyboard.swift in Sources */ = {isa = PBXBuildFile; fileRef = DC4807FB28CB1A28001416B6 /* HideKeyboard.swift */; };
		DC4807FE28CB1B7E001416B6 /* DisclaimerOfLiabilityView.swift in Sources */ = {isa = PBXBuildFile; fileRef = DC4807FD28CB1B7E001416B6 /* DisclaimerOfLiabilityView.swift */; };
		DC9DE54A28BB508200057E90 /* CartCell.swift in Sources */ = {isa = PBXBuildFile; fileRef = DC9DE54928BB508200057E90 /* CartCell.swift */; };
		DCA524D528AD31CD00A994F5 /* Font+.swift in Sources */ = {isa = PBXBuildFile; fileRef = DCA524D428AD31CD00A994F5 /* Font+.swift */; };
		DCA5250328AE715100A994F5 /* helveticacyrillicupright.ttf in Resources */ = {isa = PBXBuildFile; fileRef = DCA5250228AE715100A994F5 /* helveticacyrillicupright.ttf */; };
		DCA5250528AE750A00A994F5 /* Color+.swift in Sources */ = {isa = PBXBuildFile; fileRef = DCA5250428AE750A00A994F5 /* Color+.swift */; };
		DCA5250828AE7F7E00A994F5 /* Order.swift in Sources */ = {isa = PBXBuildFile; fileRef = DCA5250728AE7F7E00A994F5 /* Order.swift */; };
		DCA5250A28AE813700A994F5 /* OrderCell.swift in Sources */ = {isa = PBXBuildFile; fileRef = DCA5250928AE813700A994F5 /* OrderCell.swift */; };
		DCA5250C28AE815200A994F5 /* OrderInfoView.swift in Sources */ = {isa = PBXBuildFile; fileRef = DCA5250B28AE815200A994F5 /* OrderInfoView.swift */; };
		DCA5251428AEBC5200A994F5 /* UZSans-SemiBold.ttf in Resources */ = {isa = PBXBuildFile; fileRef = DCA5250F28AEBC5200A994F5 /* UZSans-SemiBold.ttf */; };
		DCA5251528AEBC5200A994F5 /* UZSans-Medium.ttf in Resources */ = {isa = PBXBuildFile; fileRef = DCA5251028AEBC5200A994F5 /* UZSans-Medium.ttf */; };
		DCA5251628AEBC5200A994F5 /* UZSans-Light.ttf in Resources */ = {isa = PBXBuildFile; fileRef = DCA5251128AEBC5200A994F5 /* UZSans-Light.ttf */; };
		DCA5251728AEBC5200A994F5 /* UZSans-Bold.ttf in Resources */ = {isa = PBXBuildFile; fileRef = DCA5251228AEBC5200A994F5 /* UZSans-Bold.ttf */; };
		DCA5251828AEBC5200A994F5 /* UZSans-Regular.ttf in Resources */ = {isa = PBXBuildFile; fileRef = DCA5251328AEBC5200A994F5 /* UZSans-Regular.ttf */; };
		DD2CEE7628DC9B8E0060B77A /* FireBaseAuth.swift in Sources */ = {isa = PBXBuildFile; fileRef = DD2CEE7528DC9B8E0060B77A /* FireBaseAuth.swift */; };
		DD2CEE7C28E0DEA10060B77A /* GoogleService-Info.plist in Resources */ = {isa = PBXBuildFile; fileRef = DD2CEE7B28E0DEA10060B77A /* GoogleService-Info.plist */; };
		DD2CEE8028E37A7B0060B77A /* ClipShape+.swift in Sources */ = {isa = PBXBuildFile; fileRef = DD2CEE7F28E37A7B0060B77A /* ClipShape+.swift */; };
		DD2CEE8728E37C730060B77A /* LoginView.swift in Sources */ = {isa = PBXBuildFile; fileRef = DD2CEE8628E37C730060B77A /* LoginView.swift */; };
		DD2CEE8928E37C770060B77A /* SignUP.swift in Sources */ = {isa = PBXBuildFile; fileRef = DD2CEE8828E37C770060B77A /* SignUP.swift */; };
		DD2CEE8B28E37C9E0060B77A /* Login.swift in Sources */ = {isa = PBXBuildFile; fileRef = DD2CEE8A28E37C9E0060B77A /* Login.swift */; };
		DD4F8AC529086B0A00C57AAD /* FirebaseAuth in Frameworks */ = {isa = PBXBuildFile; productRef = DD4F8AC429086B0A00C57AAD /* FirebaseAuth */; };
		DD4F8AC729086B0A00C57AAD /* FirebaseAuthCombine-Community in Frameworks */ = {isa = PBXBuildFile; productRef = DD4F8AC629086B0A00C57AAD /* FirebaseAuthCombine-Community */; };
		DD4F8AC929086B0A00C57AAD /* FirebaseDatabase in Frameworks */ = {isa = PBXBuildFile; productRef = DD4F8AC829086B0A00C57AAD /* FirebaseDatabase */; };
		DD4F8ACB29086B0A00C57AAD /* FirebaseDatabaseSwift in Frameworks */ = {isa = PBXBuildFile; productRef = DD4F8ACA29086B0A00C57AAD /* FirebaseDatabaseSwift */; };
		DD4F8ACD29086B0A00C57AAD /* FirebaseFirestore in Frameworks */ = {isa = PBXBuildFile; productRef = DD4F8ACC29086B0A00C57AAD /* FirebaseFirestore */; };
		DD4F8ACF29086B0A00C57AAD /* FirebaseFirestoreCombine-Community in Frameworks */ = {isa = PBXBuildFile; productRef = DD4F8ACE29086B0A00C57AAD /* FirebaseFirestoreCombine-Community */; };
		DD4F8ADA290D72D800C57AAD /* GoldBerry.xcdatamodeld in Sources */ = {isa = PBXBuildFile; fileRef = DD4F8AD8290D72D800C57AAD /* GoldBerry.xcdatamodeld */; };
		DD539A59289AEFDD006F1CD1 /* ProductsView.swift in Sources */ = {isa = PBXBuildFile; fileRef = DD539A58289AEFDD006F1CD1 /* ProductsView.swift */; };
		DD539A6528A02839006F1CD1 /* FruitViewModel.swift in Sources */ = {isa = PBXBuildFile; fileRef = DD539A6428A02839006F1CD1 /* FruitViewModel.swift */; };
		DD539A6928A02A63006F1CD1 /* OrdersView.swift in Sources */ = {isa = PBXBuildFile; fileRef = DD539A6828A02A62006F1CD1 /* OrdersView.swift */; };
		DD53F0BA28F47C2E00439F1A /* UserViewModel.swift in Sources */ = {isa = PBXBuildFile; fileRef = DD53F0B928F47C2E00439F1A /* UserViewModel.swift */; };
		DD93807128B52FA900808E88 /* OrderViewModel.swift in Sources */ = {isa = PBXBuildFile; fileRef = DD93807028B52FA900808E88 /* OrderViewModel.swift */; };
		DD93807328B54CF600808E88 /* HttpClient.swift in Sources */ = {isa = PBXBuildFile; fileRef = DD93807228B54CF600808E88 /* HttpClient.swift */; };
		DD93807528B54D1000808E88 /* Constants.swift in Sources */ = {isa = PBXBuildFile; fileRef = DD93807428B54D1000808E88 /* Constants.swift */; };
		DD93807928B6349B00808E88 /* RemoteImageView.swift in Sources */ = {isa = PBXBuildFile; fileRef = DD93807828B6349B00808E88 /* RemoteImageView.swift */; };
		DD95A8332899ABD200DF346B /* GoldBerryApp.swift in Sources */ = {isa = PBXBuildFile; fileRef = DD95A8322899ABD200DF346B /* GoldBerryApp.swift */; };
		DD95A8352899ABD200DF346B /* ContentView.swift in Sources */ = {isa = PBXBuildFile; fileRef = DD95A8342899ABD200DF346B /* ContentView.swift */; };
		DD95A8372899ABD600DF346B /* Assets.xcassets in Resources */ = {isa = PBXBuildFile; fileRef = DD95A8362899ABD600DF346B /* Assets.xcassets */; };
		DD95A83A2899ABD600DF346B /* Preview Assets.xcassets in Resources */ = {isa = PBXBuildFile; fileRef = DD95A8392899ABD600DF346B /* Preview Assets.xcassets */; };
		DD95A83C2899ABD600DF346B /* Persistence.swift in Sources */ = {isa = PBXBuildFile; fileRef = DD95A83B2899ABD600DF346B /* Persistence.swift */; };
		DDA4697F28E9949900DB0AD7 /* ModalType.swift in Sources */ = {isa = PBXBuildFile; fileRef = DDA4697E28E9949900DB0AD7 /* ModalType.swift */; };
		DDBA58DE28A0419100FFC3A5 /* CategoriesCell.swift in Sources */ = {isa = PBXBuildFile; fileRef = DDBA58DD28A0419100FFC3A5 /* CategoriesCell.swift */; };
		DDBA58E028A1551400FFC3A5 /* AllProductsCell.swift in Sources */ = {isa = PBXBuildFile; fileRef = DDBA58DF28A1551400FFC3A5 /* AllProductsCell.swift */; };
		DDBA58EB28AAB43900FFC3A5 /* Fruit.swift in Sources */ = {isa = PBXBuildFile; fileRef = DDBA58EA28AAB43900FFC3A5 /* Fruit.swift */; };
		DDCF34F828FC7E9A00ECE312 /* ForGetPasswordView.swift in Sources */ = {isa = PBXBuildFile; fileRef = DDCF34F728FC7E9A00ECE312 /* ForGetPasswordView.swift */; };
		DDCF34FA2906D49A00ECE312 /* LoadingView.swift in Sources */ = {isa = PBXBuildFile; fileRef = DDCF34F92906D49A00ECE312 /* LoadingView.swift */; };
/* End PBXBuildFile section */

/* Begin PBXFileReference section */
		DC224EBD28BB3E5900F8760D /* CartView.swift */ = {isa = PBXFileReference; lastKnownFileType = sourcecode.swift; path = CartView.swift; sourceTree = "<group>"; };
		DC224EBF28BB480700F8760D /* MakingTheOrderView.swift */ = {isa = PBXFileReference; lastKnownFileType = sourcecode.swift; path = MakingTheOrderView.swift; sourceTree = "<group>"; };
		DC4807E228BB7E8A001416B6 /* TextField+.swift */ = {isa = PBXFileReference; lastKnownFileType = sourcecode.swift; path = "TextField+.swift"; sourceTree = "<group>"; };
		DC4807E428BB8328001416B6 /* CompletedOrderView.swift */ = {isa = PBXFileReference; lastKnownFileType = sourcecode.swift; path = CompletedOrderView.swift; sourceTree = "<group>"; };
		DC4807E728BC8965001416B6 /* ProfileView.swift */ = {isa = PBXFileReference; lastKnownFileType = sourcecode.swift; path = ProfileView.swift; sourceTree = "<group>"; };
		DC4807E928BC8CC2001416B6 /* UserInfoView.swift */ = {isa = PBXFileReference; lastKnownFileType = sourcecode.swift; path = UserInfoView.swift; sourceTree = "<group>"; };
		DC4807EB28BC9261001416B6 /* ShopsView.swift */ = {isa = PBXFileReference; lastKnownFileType = sourcecode.swift; path = ShopsView.swift; sourceTree = "<group>"; };
		DC4807ED28BC9456001416B6 /* FavouriteProductsView.swift */ = {isa = PBXFileReference; lastKnownFileType = sourcecode.swift; path = FavouriteProductsView.swift; sourceTree = "<group>"; };
		DC4807EF28BC949F001416B6 /* ServiceInfoView.swift */ = {isa = PBXFileReference; lastKnownFileType = sourcecode.swift; path = ServiceInfoView.swift; sourceTree = "<group>"; };
		DC4807F128BC9925001416B6 /* ImagePicker.swift */ = {isa = PBXFileReference; lastKnownFileType = sourcecode.swift; path = ImagePicker.swift; sourceTree = "<group>"; };
		DC4807F328C9DC8F001416B6 /* User.swift */ = {isa = PBXFileReference; lastKnownFileType = sourcecode.swift; path = User.swift; sourceTree = "<group>"; };
		DC4807F728CA9D1A001416B6 /* DeliveryInfoView.swift */ = {isa = PBXFileReference; lastKnownFileType = sourcecode.swift; path = DeliveryInfoView.swift; sourceTree = "<group>"; };
		DC4807F928CB123F001416B6 /* ConfidentialView.swift */ = {isa = PBXFileReference; lastKnownFileType = sourcecode.swift; path = ConfidentialView.swift; sourceTree = "<group>"; };
		DC4807FB28CB1A28001416B6 /* HideKeyboard.swift */ = {isa = PBXFileReference; lastKnownFileType = sourcecode.swift; path = HideKeyboard.swift; sourceTree = "<group>"; };
		DC4807FD28CB1B7E001416B6 /* DisclaimerOfLiabilityView.swift */ = {isa = PBXFileReference; lastKnownFileType = sourcecode.swift; path = DisclaimerOfLiabilityView.swift; sourceTree = "<group>"; };
		DC9DE54928BB508200057E90 /* CartCell.swift */ = {isa = PBXFileReference; lastKnownFileType = sourcecode.swift; path = CartCell.swift; sourceTree = "<group>"; };
		DCA524D428AD31CD00A994F5 /* Font+.swift */ = {isa = PBXFileReference; lastKnownFileType = sourcecode.swift; path = "Font+.swift"; sourceTree = "<group>"; };
		DCA5250228AE715100A994F5 /* helveticacyrillicupright.ttf */ = {isa = PBXFileReference; lastKnownFileType = file; path = helveticacyrillicupright.ttf; sourceTree = "<group>"; };
		DCA5250428AE750A00A994F5 /* Color+.swift */ = {isa = PBXFileReference; lastKnownFileType = sourcecode.swift; path = "Color+.swift"; sourceTree = "<group>"; };
		DCA5250728AE7F7E00A994F5 /* Order.swift */ = {isa = PBXFileReference; lastKnownFileType = sourcecode.swift; path = Order.swift; sourceTree = "<group>"; };
		DCA5250928AE813700A994F5 /* OrderCell.swift */ = {isa = PBXFileReference; lastKnownFileType = sourcecode.swift; path = OrderCell.swift; sourceTree = "<group>"; };
		DCA5250B28AE815200A994F5 /* OrderInfoView.swift */ = {isa = PBXFileReference; lastKnownFileType = sourcecode.swift; path = OrderInfoView.swift; sourceTree = "<group>"; };
		DCA5250F28AEBC5200A994F5 /* UZSans-SemiBold.ttf */ = {isa = PBXFileReference; lastKnownFileType = file; path = "UZSans-SemiBold.ttf"; sourceTree = "<group>"; };
		DCA5251028AEBC5200A994F5 /* UZSans-Medium.ttf */ = {isa = PBXFileReference; lastKnownFileType = file; path = "UZSans-Medium.ttf"; sourceTree = "<group>"; };
		DCA5251128AEBC5200A994F5 /* UZSans-Light.ttf */ = {isa = PBXFileReference; lastKnownFileType = file; path = "UZSans-Light.ttf"; sourceTree = "<group>"; };
		DCA5251228AEBC5200A994F5 /* UZSans-Bold.ttf */ = {isa = PBXFileReference; lastKnownFileType = file; path = "UZSans-Bold.ttf"; sourceTree = "<group>"; };
		DCA5251328AEBC5200A994F5 /* UZSans-Regular.ttf */ = {isa = PBXFileReference; lastKnownFileType = file; path = "UZSans-Regular.ttf"; sourceTree = "<group>"; };
		DD2CEE7528DC9B8E0060B77A /* FireBaseAuth.swift */ = {isa = PBXFileReference; lastKnownFileType = sourcecode.swift; path = FireBaseAuth.swift; sourceTree = "<group>"; };
		DD2CEE7B28E0DEA10060B77A /* GoogleService-Info.plist */ = {isa = PBXFileReference; fileEncoding = 4; lastKnownFileType = text.plist.xml; path = "GoogleService-Info.plist"; sourceTree = "<group>"; };
		DD2CEE7F28E37A7B0060B77A /* ClipShape+.swift */ = {isa = PBXFileReference; lastKnownFileType = sourcecode.swift; path = "ClipShape+.swift"; sourceTree = "<group>"; };
		DD2CEE8628E37C730060B77A /* LoginView.swift */ = {isa = PBXFileReference; lastKnownFileType = sourcecode.swift; path = LoginView.swift; sourceTree = "<group>"; };
		DD2CEE8828E37C770060B77A /* SignUP.swift */ = {isa = PBXFileReference; lastKnownFileType = sourcecode.swift; path = SignUP.swift; sourceTree = "<group>"; };
		DD2CEE8A28E37C9E0060B77A /* Login.swift */ = {isa = PBXFileReference; lastKnownFileType = sourcecode.swift; path = Login.swift; sourceTree = "<group>"; };
		DD4F8AD9290D72D800C57AAD /* GoldBerry.xcdatamodel */ = {isa = PBXFileReference; lastKnownFileType = wrapper.xcdatamodel; path = GoldBerry.xcdatamodel; sourceTree = "<group>"; };
		DD539A58289AEFDD006F1CD1 /* ProductsView.swift */ = {isa = PBXFileReference; lastKnownFileType = sourcecode.swift; path = ProductsView.swift; sourceTree = "<group>"; };
		DD539A6428A02839006F1CD1 /* FruitViewModel.swift */ = {isa = PBXFileReference; lastKnownFileType = sourcecode.swift; path = FruitViewModel.swift; sourceTree = "<group>"; };
		DD539A6828A02A62006F1CD1 /* OrdersView.swift */ = {isa = PBXFileReference; lastKnownFileType = sourcecode.swift; path = OrdersView.swift; sourceTree = "<group>"; };
		DD53F0B928F47C2E00439F1A /* UserViewModel.swift */ = {isa = PBXFileReference; lastKnownFileType = sourcecode.swift; path = UserViewModel.swift; sourceTree = "<group>"; };
		DD93807028B52FA900808E88 /* OrderViewModel.swift */ = {isa = PBXFileReference; lastKnownFileType = sourcecode.swift; path = OrderViewModel.swift; sourceTree = "<group>"; };
		DD93807228B54CF600808E88 /* HttpClient.swift */ = {isa = PBXFileReference; lastKnownFileType = sourcecode.swift; path = HttpClient.swift; sourceTree = "<group>"; };
		DD93807428B54D1000808E88 /* Constants.swift */ = {isa = PBXFileReference; lastKnownFileType = sourcecode.swift; path = Constants.swift; sourceTree = "<group>"; };
		DD93807828B6349B00808E88 /* RemoteImageView.swift */ = {isa = PBXFileReference; lastKnownFileType = sourcecode.swift; path = RemoteImageView.swift; sourceTree = "<group>"; };
		DD95A82F2899ABD200DF346B /* GoldBerry.app */ = {isa = PBXFileReference; explicitFileType = wrapper.application; includeInIndex = 0; path = GoldBerry.app; sourceTree = BUILT_PRODUCTS_DIR; };
		DD95A8322899ABD200DF346B /* GoldBerryApp.swift */ = {isa = PBXFileReference; lastKnownFileType = sourcecode.swift; path = GoldBerryApp.swift; sourceTree = "<group>"; };
		DD95A8342899ABD200DF346B /* ContentView.swift */ = {isa = PBXFileReference; lastKnownFileType = sourcecode.swift; path = ContentView.swift; sourceTree = "<group>"; };
		DD95A8362899ABD600DF346B /* Assets.xcassets */ = {isa = PBXFileReference; lastKnownFileType = folder.assetcatalog; path = Assets.xcassets; sourceTree = "<group>"; };
		DD95A8392899ABD600DF346B /* Preview Assets.xcassets */ = {isa = PBXFileReference; lastKnownFileType = folder.assetcatalog; path = "Preview Assets.xcassets"; sourceTree = "<group>"; };
		DD95A83B2899ABD600DF346B /* Persistence.swift */ = {isa = PBXFileReference; lastKnownFileType = sourcecode.swift; path = Persistence.swift; sourceTree = "<group>"; };
		DDA4697E28E9949900DB0AD7 /* ModalType.swift */ = {isa = PBXFileReference; lastKnownFileType = sourcecode.swift; path = ModalType.swift; sourceTree = "<group>"; };
		DDBA58DD28A0419100FFC3A5 /* CategoriesCell.swift */ = {isa = PBXFileReference; lastKnownFileType = sourcecode.swift; path = CategoriesCell.swift; sourceTree = "<group>"; };
		DDBA58DF28A1551400FFC3A5 /* AllProductsCell.swift */ = {isa = PBXFileReference; lastKnownFileType = sourcecode.swift; path = AllProductsCell.swift; sourceTree = "<group>"; };
		DDBA58EA28AAB43900FFC3A5 /* Fruit.swift */ = {isa = PBXFileReference; lastKnownFileType = sourcecode.swift; path = Fruit.swift; sourceTree = "<group>"; };
		DDCF34F728FC7E9A00ECE312 /* ForGetPasswordView.swift */ = {isa = PBXFileReference; lastKnownFileType = sourcecode.swift; path = ForGetPasswordView.swift; sourceTree = "<group>"; };
		DDCF34F92906D49A00ECE312 /* LoadingView.swift */ = {isa = PBXFileReference; lastKnownFileType = sourcecode.swift; path = LoadingView.swift; sourceTree = "<group>"; };
/* End PBXFileReference section */

/* Begin PBXFrameworksBuildPhase section */
		DD95A82C2899ABD200DF346B /* Frameworks */ = {
			isa = PBXFrameworksBuildPhase;
			buildActionMask = 2147483647;
			files = (
				DD4F8ACB29086B0A00C57AAD /* FirebaseDatabaseSwift in Frameworks */,
				DD4F8AC929086B0A00C57AAD /* FirebaseDatabase in Frameworks */,
				DD4F8AC529086B0A00C57AAD /* FirebaseAuth in Frameworks */,
				DD4F8ACF29086B0A00C57AAD /* FirebaseFirestoreCombine-Community in Frameworks */,
				DD4F8ACD29086B0A00C57AAD /* FirebaseFirestore in Frameworks */,
				DD4F8AC729086B0A00C57AAD /* FirebaseAuthCombine-Community in Frameworks */,
			);
			runOnlyForDeploymentPostprocessing = 0;
		};
/* End PBXFrameworksBuildPhase section */

/* Begin PBXGroup section */
		DC4807E628BC893D001416B6 /* ProfileView */ = {
			isa = PBXGroup;
			children = (
				DC4807E728BC8965001416B6 /* ProfileView.swift */,
				DC4807EF28BC949F001416B6 /* ServiceInfoView.swift */,
				DC4807F728CA9D1A001416B6 /* DeliveryInfoView.swift */,
				DC4807EB28BC9261001416B6 /* ShopsView.swift */,
				DC4807E928BC8CC2001416B6 /* UserInfoView.swift */,
				DC4807ED28BC9456001416B6 /* FavouriteProductsView.swift */,
				DC4807F928CB123F001416B6 /* ConfidentialView.swift */,
				DC4807FD28CB1B7E001416B6 /* DisclaimerOfLiabilityView.swift */,
			);
			path = ProfileView;
			sourceTree = "<group>";
		};
		DCA524D328AD31BF00A994F5 /* Extensions */ = {
			isa = PBXGroup;
			children = (
				DCA524D428AD31CD00A994F5 /* Font+.swift */,
				DC4807E228BB7E8A001416B6 /* TextField+.swift */,
				DC4807F128BC9925001416B6 /* ImagePicker.swift */,
				DCA5250428AE750A00A994F5 /* Color+.swift */,
				DC4807FB28CB1A28001416B6 /* HideKeyboard.swift */,
				DD2CEE7F28E37A7B0060B77A /* ClipShape+.swift */,
				DDCF34F92906D49A00ECE312 /* LoadingView.swift */,
			);
			path = Extensions;
			sourceTree = "<group>";
		};
		DCA524D628AD31EB00A994F5 /* Fonts */ = {
			isa = PBXGroup;
			children = (
				DCA5250228AE715100A994F5 /* helveticacyrillicupright.ttf */,
				DCA5251228AEBC5200A994F5 /* UZSans-Bold.ttf */,
				DCA5251128AEBC5200A994F5 /* UZSans-Light.ttf */,
				DCA5251028AEBC5200A994F5 /* UZSans-Medium.ttf */,
				DCA5251328AEBC5200A994F5 /* UZSans-Regular.ttf */,
				DCA5250F28AEBC5200A994F5 /* UZSans-SemiBold.ttf */,
			);
			path = Fonts;
			sourceTree = "<group>";
		};
		DCA5250628AE7F2B00A994F5 /* OrdersView */ = {
			isa = PBXGroup;
			children = (
				DD539A6828A02A62006F1CD1 /* OrdersView.swift */,
				DCA5250928AE813700A994F5 /* OrderCell.swift */,
				DCA5250B28AE815200A994F5 /* OrderInfoView.swift */,
			);
			path = OrdersView;
			sourceTree = "<group>";
		};
		DD2CEE8128E37C4E0060B77A /* Registration */ = {
			isa = PBXGroup;
			children = (
				DD2CEE8628E37C730060B77A /* LoginView.swift */,
				DD2CEE8828E37C770060B77A /* SignUP.swift */,
				DD2CEE8A28E37C9E0060B77A /* Login.swift */,
				DDCF34F728FC7E9A00ECE312 /* ForGetPasswordView.swift */,
			);
			path = Registration;
			sourceTree = "<group>";
		};
		DD539A54289AEAF6006F1CD1 /* ViewModels */ = {
			isa = PBXGroup;
			children = (
				DD53F0B928F47C2E00439F1A /* UserViewModel.swift */,
				DD539A6428A02839006F1CD1 /* FruitViewModel.swift */,
				DD93807028B52FA900808E88 /* OrderViewModel.swift */,
				DD93807828B6349B00808E88 /* RemoteImageView.swift */,
				DD2CEE7528DC9B8E0060B77A /* FireBaseAuth.swift */,
			);
			path = ViewModels;
			sourceTree = "<group>";
		};
		DD539A55289AEB22006F1CD1 /* Views */ = {
			isa = PBXGroup;
			children = (
				DD2CEE8128E37C4E0060B77A /* Registration */,
				DD95A8342899ABD200DF346B /* ContentView.swift */,
				DC4807E628BC893D001416B6 /* ProfileView */,
				DDBA58EC28AAB7CB00FFC3A5 /* CartView */,
				DD539A6A28A040C4006F1CD1 /* Categories */,
				DCA5250628AE7F2B00A994F5 /* OrdersView */,
			);
			path = Views;
			sourceTree = "<group>";
		};
		DD539A56289AEB2A006F1CD1 /* Models */ = {
			isa = PBXGroup;
			children = (
				DDBA58EA28AAB43900FFC3A5 /* Fruit.swift */,
				DC4807F328C9DC8F001416B6 /* User.swift */,
				DCA5250728AE7F7E00A994F5 /* Order.swift */,
			);
			path = Models;
			sourceTree = "<group>";
		};
		DD539A57289AEB32006F1CD1 /* Utilites */ = {
			isa = PBXGroup;
			children = (
				DD95A83B2899ABD600DF346B /* Persistence.swift */,
				DD93807228B54CF600808E88 /* HttpClient.swift */,
				DD93807428B54D1000808E88 /* Constants.swift */,
				DDA4697E28E9949900DB0AD7 /* ModalType.swift */,
			);
			path = Utilites;
			sourceTree = "<group>";
		};
		DD539A6A28A040C4006F1CD1 /* Categories */ = {
			isa = PBXGroup;
			children = (
				DDBA58F028AABDEB00FFC3A5 /* Products */,
			);
			path = Categories;
			sourceTree = "<group>";
		};
		DD539A6B28A040E8006F1CD1 /* CellProductsView */ = {
			isa = PBXGroup;
			children = (
				DDBA58DD28A0419100FFC3A5 /* CategoriesCell.swift */,
				DDBA58DF28A1551400FFC3A5 /* AllProductsCell.swift */,
			);
			path = CellProductsView;
			sourceTree = "<group>";
		};
		DD95A8262899ABD100DF346B = {
			isa = PBXGroup;
			children = (
				DD95A8312899ABD200DF346B /* GoldBerry */,
				DD95A8302899ABD200DF346B /* Products */,
			);
			sourceTree = "<group>";
		};
		DD95A8302899ABD200DF346B /* Products */ = {
			isa = PBXGroup;
			children = (
				DD95A82F2899ABD200DF346B /* GoldBerry.app */,
			);
			name = Products;
			sourceTree = "<group>";
		};
		DD95A8312899ABD200DF346B /* GoldBerry */ = {
			isa = PBXGroup;
			children = (
				DCA524D628AD31EB00A994F5 /* Fonts */,
				DCA524D328AD31BF00A994F5 /* Extensions */,
				DD539A57289AEB32006F1CD1 /* Utilites */,
				DD539A56289AEB2A006F1CD1 /* Models */,
				DD539A55289AEB22006F1CD1 /* Views */,
				DD539A54289AEAF6006F1CD1 /* ViewModels */,
				DD95A8362899ABD600DF346B /* Assets.xcassets */,
				DD4F8AD8290D72D800C57AAD /* GoldBerry.xcdatamodeld */,
				DD95A8322899ABD200DF346B /* GoldBerryApp.swift */,
				DD2CEE7B28E0DEA10060B77A /* GoogleService-Info.plist */,
				DD95A8382899ABD600DF346B /* Preview Content */,
			);
			path = GoldBerry;
			sourceTree = "<group>";
		};
		DD95A8382899ABD600DF346B /* Preview Content */ = {
			isa = PBXGroup;
			children = (
				DD95A8392899ABD600DF346B /* Preview Assets.xcassets */,
			);
			path = "Preview Content";
			sourceTree = "<group>";
		};
		DDBA58EC28AAB7CB00FFC3A5 /* CartView */ = {
			isa = PBXGroup;
			children = (
				DC224EBD28BB3E5900F8760D /* CartView.swift */,
				DC9DE54928BB508200057E90 /* CartCell.swift */,
				DC224EBF28BB480700F8760D /* MakingTheOrderView.swift */,
				DC4807E428BB8328001416B6 /* CompletedOrderView.swift */,
			);
			path = CartView;
			sourceTree = "<group>";
		};
		DDBA58F028AABDEB00FFC3A5 /* Products */ = {
			isa = PBXGroup;
			children = (
				DD539A6B28A040E8006F1CD1 /* CellProductsView */,
				DD539A58289AEFDD006F1CD1 /* ProductsView.swift */,
			);
			path = Products;
			sourceTree = "<group>";
		};
/* End PBXGroup section */

/* Begin PBXNativeTarget section */
		DD95A82E2899ABD200DF346B /* GoldBerry */ = {
			isa = PBXNativeTarget;
			buildConfigurationList = DD95A8422899ABD600DF346B /* Build configuration list for PBXNativeTarget "GoldBerry" */;
			buildPhases = (
				DD95A82B2899ABD200DF346B /* Sources */,
				DD95A82C2899ABD200DF346B /* Frameworks */,
				DD95A82D2899ABD200DF346B /* Resources */,
			);
			buildRules = (
			);
			dependencies = (
			);
			name = GoldBerry;
			packageProductDependencies = (
				DD4F8AC429086B0A00C57AAD /* FirebaseAuth */,
				DD4F8AC629086B0A00C57AAD /* FirebaseAuthCombine-Community */,
				DD4F8AC829086B0A00C57AAD /* FirebaseDatabase */,
				DD4F8ACA29086B0A00C57AAD /* FirebaseDatabaseSwift */,
				DD4F8ACC29086B0A00C57AAD /* FirebaseFirestore */,
				DD4F8ACE29086B0A00C57AAD /* FirebaseFirestoreCombine-Community */,
			);
			productName = GoldBerry;
			productReference = DD95A82F2899ABD200DF346B /* GoldBerry.app */;
			productType = "com.apple.product-type.application";
		};
/* End PBXNativeTarget section */

/* Begin PBXProject section */
		DD95A8272899ABD100DF346B /* Project object */ = {
			isa = PBXProject;
			attributes = {
				BuildIndependentTargetsInParallel = 1;
				LastSwiftUpdateCheck = 1340;
				LastUpgradeCheck = 1340;
				TargetAttributes = {
					DD95A82E2899ABD200DF346B = {
						CreatedOnToolsVersion = 13.4.1;
					};
				};
			};
			buildConfigurationList = DD95A82A2899ABD100DF346B /* Build configuration list for PBXProject "GoldBerry" */;
			compatibilityVersion = "Xcode 13.0";
			developmentRegion = en;
			hasScannedForEncodings = 0;
			knownRegions = (
				en,
				Base,
			);
			mainGroup = DD95A8262899ABD100DF346B;
			packageReferences = (
				DD4F8AC329086B0A00C57AAD /* XCRemoteSwiftPackageReference "firebase-ios-sdk" */,
			);
			productRefGroup = DD95A8302899ABD200DF346B /* Products */;
			projectDirPath = "";
			projectRoot = "";
			targets = (
				DD95A82E2899ABD200DF346B /* GoldBerry */,
			);
		};
/* End PBXProject section */

/* Begin PBXResourcesBuildPhase section */
		DD95A82D2899ABD200DF346B /* Resources */ = {
			isa = PBXResourcesBuildPhase;
			buildActionMask = 2147483647;
			files = (
				DCA5250328AE715100A994F5 /* helveticacyrillicupright.ttf in Resources */,
				DCA5251828AEBC5200A994F5 /* UZSans-Regular.ttf in Resources */,
				DD2CEE7C28E0DEA10060B77A /* GoogleService-Info.plist in Resources */,
				DD95A83A2899ABD600DF346B /* Preview Assets.xcassets in Resources */,
				DD95A8372899ABD600DF346B /* Assets.xcassets in Resources */,
				DCA5251728AEBC5200A994F5 /* UZSans-Bold.ttf in Resources */,
				DCA5251628AEBC5200A994F5 /* UZSans-Light.ttf in Resources */,
				DCA5251428AEBC5200A994F5 /* UZSans-SemiBold.ttf in Resources */,
				DCA5251528AEBC5200A994F5 /* UZSans-Medium.ttf in Resources */,
			);
			runOnlyForDeploymentPostprocessing = 0;
		};
/* End PBXResourcesBuildPhase section */

/* Begin PBXSourcesBuildPhase section */
		DD95A82B2899ABD200DF346B /* Sources */ = {
			isa = PBXSourcesBuildPhase;
			buildActionMask = 2147483647;
			files = (
				DDA4697F28E9949900DB0AD7 /* ModalType.swift in Sources */,
				DC4807F028BC949F001416B6 /* ServiceInfoView.swift in Sources */,
				DC4807F228BC9925001416B6 /* ImagePicker.swift in Sources */,
				DD2CEE8728E37C730060B77A /* LoginView.swift in Sources */,
				DDBA58DE28A0419100FFC3A5 /* CategoriesCell.swift in Sources */,
				DC4807E528BB8328001416B6 /* CompletedOrderView.swift in Sources */,
				DCA5250528AE750A00A994F5 /* Color+.swift in Sources */,
				DD93807528B54D1000808E88 /* Constants.swift in Sources */,
				DC4807EC28BC9261001416B6 /* ShopsView.swift in Sources */,
				DD95A83C2899ABD600DF346B /* Persistence.swift in Sources */,
				DCA5250A28AE813700A994F5 /* OrderCell.swift in Sources */,
				DC4807F428C9DC8F001416B6 /* User.swift in Sources */,
				DDCF34F828FC7E9A00ECE312 /* ForGetPasswordView.swift in Sources */,
				DD93807928B6349B00808E88 /* RemoteImageView.swift in Sources */,
				DD2CEE8028E37A7B0060B77A /* ClipShape+.swift in Sources */,
				DD2CEE7628DC9B8E0060B77A /* FireBaseAuth.swift in Sources */,
				DD4F8ADA290D72D800C57AAD /* GoldBerry.xcdatamodeld in Sources */,
				DD2CEE8928E37C770060B77A /* SignUP.swift in Sources */,
				DC4807E828BC8965001416B6 /* ProfileView.swift in Sources */,
				DC4807F828CA9D1A001416B6 /* DeliveryInfoView.swift in Sources */,
				DC4807FE28CB1B7E001416B6 /* DisclaimerOfLiabilityView.swift in Sources */,
				DDBA58EB28AAB43900FFC3A5 /* Fruit.swift in Sources */,
				DCA524D528AD31CD00A994F5 /* Font+.swift in Sources */,
				DD93807128B52FA900808E88 /* OrderViewModel.swift in Sources */,
				DD95A8352899ABD200DF346B /* ContentView.swift in Sources */,
				DDCF34FA2906D49A00ECE312 /* LoadingView.swift in Sources */,
				DCA5250828AE7F7E00A994F5 /* Order.swift in Sources */,
				DC224EC028BB480700F8760D /* MakingTheOrderView.swift in Sources */,
				DD95A8332899ABD200DF346B /* GoldBerryApp.swift in Sources */,
				DC4807FA28CB123F001416B6 /* ConfidentialView.swift in Sources */,
				DD539A6928A02A63006F1CD1 /* OrdersView.swift in Sources */,
				DD53F0BA28F47C2E00439F1A /* UserViewModel.swift in Sources */,
				DC4807E328BB7E8A001416B6 /* TextField+.swift in Sources */,
				DC9DE54A28BB508200057E90 /* CartCell.swift in Sources */,
				DDBA58E028A1551400FFC3A5 /* AllProductsCell.swift in Sources */,
				DC224EBE28BB3E5900F8760D /* CartView.swift in Sources */,
				DC4807EE28BC9456001416B6 /* FavouriteProductsView.swift in Sources */,
				DD93807328B54CF600808E88 /* HttpClient.swift in Sources */,
				DC4807FC28CB1A28001416B6 /* HideKeyboard.swift in Sources */,
				DD2CEE8B28E37C9E0060B77A /* Login.swift in Sources */,
				DCA5250C28AE815200A994F5 /* OrderInfoView.swift in Sources */,
				DD539A6528A02839006F1CD1 /* FruitViewModel.swift in Sources */,
				DC4807EA28BC8CC2001416B6 /* UserInfoView.swift in Sources */,
				DD539A59289AEFDD006F1CD1 /* ProductsView.swift in Sources */,
			);
			runOnlyForDeploymentPostprocessing = 0;
		};
/* End PBXSourcesBuildPhase section */

/* Begin XCBuildConfiguration section */
		DD95A8402899ABD600DF346B /* Debug */ = {
			isa = XCBuildConfiguration;
			buildSettings = {
				ALWAYS_SEARCH_USER_PATHS = NO;
				CLANG_ANALYZER_NONNULL = YES;
				CLANG_ANALYZER_NUMBER_OBJECT_CONVERSION = YES_AGGRESSIVE;
				CLANG_CXX_LANGUAGE_STANDARD = "gnu++17";
				CLANG_ENABLE_MODULES = YES;
				CLANG_ENABLE_OBJC_ARC = YES;
				CLANG_ENABLE_OBJC_WEAK = YES;
				CLANG_WARN_BLOCK_CAPTURE_AUTORELEASING = YES;
				CLANG_WARN_BOOL_CONVERSION = YES;
				CLANG_WARN_COMMA = YES;
				CLANG_WARN_CONSTANT_CONVERSION = YES;
				CLANG_WARN_DEPRECATED_OBJC_IMPLEMENTATIONS = YES;
				CLANG_WARN_DIRECT_OBJC_ISA_USAGE = YES_ERROR;
				CLANG_WARN_DOCUMENTATION_COMMENTS = YES;
				CLANG_WARN_EMPTY_BODY = YES;
				CLANG_WARN_ENUM_CONVERSION = YES;
				CLANG_WARN_INFINITE_RECURSION = YES;
				CLANG_WARN_INT_CONVERSION = YES;
				CLANG_WARN_NON_LITERAL_NULL_CONVERSION = YES;
				CLANG_WARN_OBJC_IMPLICIT_RETAIN_SELF = YES;
				CLANG_WARN_OBJC_LITERAL_CONVERSION = YES;
				CLANG_WARN_OBJC_ROOT_CLASS = YES_ERROR;
				CLANG_WARN_QUOTED_INCLUDE_IN_FRAMEWORK_HEADER = YES;
				CLANG_WARN_RANGE_LOOP_ANALYSIS = YES;
				CLANG_WARN_STRICT_PROTOTYPES = YES;
				CLANG_WARN_SUSPICIOUS_MOVE = YES;
				CLANG_WARN_UNGUARDED_AVAILABILITY = YES_AGGRESSIVE;
				CLANG_WARN_UNREACHABLE_CODE = YES;
				CLANG_WARN__DUPLICATE_METHOD_MATCH = YES;
				COPY_PHASE_STRIP = NO;
				DEBUG_INFORMATION_FORMAT = dwarf;
				ENABLE_STRICT_OBJC_MSGSEND = YES;
				ENABLE_TESTABILITY = YES;
				GCC_C_LANGUAGE_STANDARD = gnu11;
				GCC_DYNAMIC_NO_PIC = NO;
				GCC_NO_COMMON_BLOCKS = YES;
				GCC_OPTIMIZATION_LEVEL = 0;
				GCC_PREPROCESSOR_DEFINITIONS = (
					"DEBUG=1",
					"$(inherited)",
				);
				GCC_WARN_64_TO_32_BIT_CONVERSION = YES;
				GCC_WARN_ABOUT_RETURN_TYPE = YES_ERROR;
				GCC_WARN_UNDECLARED_SELECTOR = YES;
				GCC_WARN_UNINITIALIZED_AUTOS = YES_AGGRESSIVE;
				GCC_WARN_UNUSED_FUNCTION = YES;
				GCC_WARN_UNUSED_VARIABLE = YES;
				IPHONEOS_DEPLOYMENT_TARGET = 15.5;
				MTL_ENABLE_DEBUG_INFO = INCLUDE_SOURCE;
				MTL_FAST_MATH = YES;
				ONLY_ACTIVE_ARCH = YES;
				SDKROOT = iphoneos;
				SWIFT_ACTIVE_COMPILATION_CONDITIONS = DEBUG;
				SWIFT_OPTIMIZATION_LEVEL = "-Onone";
			};
			name = Debug;
		};
		DD95A8412899ABD600DF346B /* Release */ = {
			isa = XCBuildConfiguration;
			buildSettings = {
				ALWAYS_SEARCH_USER_PATHS = NO;
				CLANG_ANALYZER_NONNULL = YES;
				CLANG_ANALYZER_NUMBER_OBJECT_CONVERSION = YES_AGGRESSIVE;
				CLANG_CXX_LANGUAGE_STANDARD = "gnu++17";
				CLANG_ENABLE_MODULES = YES;
				CLANG_ENABLE_OBJC_ARC = YES;
				CLANG_ENABLE_OBJC_WEAK = YES;
				CLANG_WARN_BLOCK_CAPTURE_AUTORELEASING = YES;
				CLANG_WARN_BOOL_CONVERSION = YES;
				CLANG_WARN_COMMA = YES;
				CLANG_WARN_CONSTANT_CONVERSION = YES;
				CLANG_WARN_DEPRECATED_OBJC_IMPLEMENTATIONS = YES;
				CLANG_WARN_DIRECT_OBJC_ISA_USAGE = YES_ERROR;
				CLANG_WARN_DOCUMENTATION_COMMENTS = YES;
				CLANG_WARN_EMPTY_BODY = YES;
				CLANG_WARN_ENUM_CONVERSION = YES;
				CLANG_WARN_INFINITE_RECURSION = YES;
				CLANG_WARN_INT_CONVERSION = YES;
				CLANG_WARN_NON_LITERAL_NULL_CONVERSION = YES;
				CLANG_WARN_OBJC_IMPLICIT_RETAIN_SELF = YES;
				CLANG_WARN_OBJC_LITERAL_CONVERSION = YES;
				CLANG_WARN_OBJC_ROOT_CLASS = YES_ERROR;
				CLANG_WARN_QUOTED_INCLUDE_IN_FRAMEWORK_HEADER = YES;
				CLANG_WARN_RANGE_LOOP_ANALYSIS = YES;
				CLANG_WARN_STRICT_PROTOTYPES = YES;
				CLANG_WARN_SUSPICIOUS_MOVE = YES;
				CLANG_WARN_UNGUARDED_AVAILABILITY = YES_AGGRESSIVE;
				CLANG_WARN_UNREACHABLE_CODE = YES;
				CLANG_WARN__DUPLICATE_METHOD_MATCH = YES;
				COPY_PHASE_STRIP = NO;
				DEBUG_INFORMATION_FORMAT = "dwarf-with-dsym";
				ENABLE_NS_ASSERTIONS = NO;
				ENABLE_STRICT_OBJC_MSGSEND = YES;
				GCC_C_LANGUAGE_STANDARD = gnu11;
				GCC_NO_COMMON_BLOCKS = YES;
				GCC_WARN_64_TO_32_BIT_CONVERSION = YES;
				GCC_WARN_ABOUT_RETURN_TYPE = YES_ERROR;
				GCC_WARN_UNDECLARED_SELECTOR = YES;
				GCC_WARN_UNINITIALIZED_AUTOS = YES_AGGRESSIVE;
				GCC_WARN_UNUSED_FUNCTION = YES;
				GCC_WARN_UNUSED_VARIABLE = YES;
				IPHONEOS_DEPLOYMENT_TARGET = 15.5;
				MTL_ENABLE_DEBUG_INFO = NO;
				MTL_FAST_MATH = YES;
				SDKROOT = iphoneos;
				SWIFT_COMPILATION_MODE = wholemodule;
				SWIFT_OPTIMIZATION_LEVEL = "-O";
				VALIDATE_PRODUCT = YES;
			};
			name = Release;
		};
		DD95A8432899ABD600DF346B /* Debug */ = {
			isa = XCBuildConfiguration;
			buildSettings = {
				ASSETCATALOG_COMPILER_APPICON_NAME = AppIcon;
				ASSETCATALOG_COMPILER_GLOBAL_ACCENT_COLOR_NAME = AccentColor;
				CODE_SIGN_IDENTITY = "Apple Development";
				CODE_SIGN_STYLE = Automatic;
				CURRENT_PROJECT_VERSION = 1;
				DEVELOPMENT_ASSET_PATHS = "\"GoldBerry/Preview Content\"";
				DEVELOPMENT_TEAM = B9S2MDX3F7;
				ENABLE_PREVIEWS = YES;
				GENERATE_INFOPLIST_FILE = YES;
				INFOPLIST_FILE = GoldBerry/Info.plist;
				INFOPLIST_KEY_UIApplicationSceneManifest_Generation = YES;
				INFOPLIST_KEY_UIApplicationSupportsIndirectInputEvents = YES;
				INFOPLIST_KEY_UILaunchScreen_Generation = YES;
				INFOPLIST_KEY_UISupportedInterfaceOrientations = UIInterfaceOrientationPortrait;
				INFOPLIST_KEY_UISupportedInterfaceOrientations_iPad = "UIInterfaceOrientationPortrait UIInterfaceOrientationPortraitUpsideDown UIInterfaceOrientationLandscapeLeft UIInterfaceOrientationLandscapeRight";
				INFOPLIST_KEY_UISupportedInterfaceOrientations_iPhone = UIInterfaceOrientationPortrait;
				IPHONEOS_DEPLOYMENT_TARGET = 15.5;
				LD_RUNPATH_SEARCH_PATHS = (
					"$(inherited)",
					"@executable_path/Frameworks",
				);
				MACH_O_TYPE = mh_execute;
				MARKETING_VERSION = 1.0;
				PRODUCT_BUNDLE_IDENTIFIER = "-1011.GoldBerry";
				PRODUCT_NAME = "$(TARGET_NAME)";
				PROVISIONING_PROFILE_SPECIFIER = "";
				SUPPORTED_PLATFORMS = "iphoneos iphonesimulator";
				SUPPORTS_MACCATALYST = NO;
				SUPPORTS_MAC_DESIGNED_FOR_IPHONE_IPAD = NO;
				SWIFT_EMIT_LOC_STRINGS = YES;
				SWIFT_VERSION = 5.0;
				TARGETED_DEVICE_FAMILY = 1;
			};
			name = Debug;
		};
		DD95A8442899ABD600DF346B /* Release */ = {
			isa = XCBuildConfiguration;
			buildSettings = {
				ASSETCATALOG_COMPILER_APPICON_NAME = AppIcon;
				ASSETCATALOG_COMPILER_GLOBAL_ACCENT_COLOR_NAME = AccentColor;
				CODE_SIGN_STYLE = Automatic;
				CURRENT_PROJECT_VERSION = 1;
				DEVELOPMENT_ASSET_PATHS = "\"GoldBerry/Preview Content\"";
				DEVELOPMENT_TEAM = B9S2MDX3F7;
				ENABLE_PREVIEWS = YES;
				GENERATE_INFOPLIST_FILE = YES;
				INFOPLIST_FILE = GoldBerry/Info.plist;
				INFOPLIST_KEY_UIApplicationSceneManifest_Generation = YES;
				INFOPLIST_KEY_UIApplicationSupportsIndirectInputEvents = YES;
				INFOPLIST_KEY_UILaunchScreen_Generation = YES;
				INFOPLIST_KEY_UISupportedInterfaceOrientations = UIInterfaceOrientationPortrait;
				INFOPLIST_KEY_UISupportedInterfaceOrientations_iPad = "UIInterfaceOrientationPortrait UIInterfaceOrientationPortraitUpsideDown UIInterfaceOrientationLandscapeLeft UIInterfaceOrientationLandscapeRight";
				INFOPLIST_KEY_UISupportedInterfaceOrientations_iPhone = UIInterfaceOrientationPortrait;
				IPHONEOS_DEPLOYMENT_TARGET = 15.5;
				LD_RUNPATH_SEARCH_PATHS = (
					"$(inherited)",
					"@executable_path/Frameworks",
				);
				MACH_O_TYPE = mh_execute;
				MARKETING_VERSION = 1.0;
				ONLY_ACTIVE_ARCH = YES;
				PRODUCT_BUNDLE_IDENTIFIER = "-1011.GoldBerry";
				PRODUCT_NAME = "$(TARGET_NAME)";
				SUPPORTED_PLATFORMS = "iphoneos iphonesimulator";
				SUPPORTS_MACCATALYST = NO;
				SUPPORTS_MAC_DESIGNED_FOR_IPHONE_IPAD = NO;
				SWIFT_EMIT_LOC_STRINGS = YES;
				SWIFT_VERSION = 5.0;
				TARGETED_DEVICE_FAMILY = 1;
			};
			name = Release;
		};
/* End XCBuildConfiguration section */

/* Begin XCConfigurationList section */
		DD95A82A2899ABD100DF346B /* Build configuration list for PBXProject "GoldBerry" */ = {
			isa = XCConfigurationList;
			buildConfigurations = (
				DD95A8402899ABD600DF346B /* Debug */,
				DD95A8412899ABD600DF346B /* Release */,
			);
			defaultConfigurationIsVisible = 0;
			defaultConfigurationName = Release;
		};
		DD95A8422899ABD600DF346B /* Build configuration list for PBXNativeTarget "GoldBerry" */ = {
			isa = XCConfigurationList;
			buildConfigurations = (
				DD95A8432899ABD600DF346B /* Debug */,
				DD95A8442899ABD600DF346B /* Release */,
			);
			defaultConfigurationIsVisible = 0;
			defaultConfigurationName = Release;
		};
/* End XCConfigurationList section */

/* Begin XCRemoteSwiftPackageReference section */
		DD4F8AC329086B0A00C57AAD /* XCRemoteSwiftPackageReference "firebase-ios-sdk" */ = {
			isa = XCRemoteSwiftPackageReference;
			repositoryURL = "https://github.com/firebase/firebase-ios-sdk";
			requirement = {
				kind = upToNextMajorVersion;
				minimumVersion = 9.0.0;
			};
		};
/* End XCRemoteSwiftPackageReference section */

/* Begin XCSwiftPackageProductDependency section */
		DD4F8AC429086B0A00C57AAD /* FirebaseAuth */ = {
			isa = XCSwiftPackageProductDependency;
			package = DD4F8AC329086B0A00C57AAD /* XCRemoteSwiftPackageReference "firebase-ios-sdk" */;
			productName = FirebaseAuth;
		};
		DD4F8AC629086B0A00C57AAD /* FirebaseAuthCombine-Community */ = {
			isa = XCSwiftPackageProductDependency;
			package = DD4F8AC329086B0A00C57AAD /* XCRemoteSwiftPackageReference "firebase-ios-sdk" */;
			productName = "FirebaseAuthCombine-Community";
		};
		DD4F8AC829086B0A00C57AAD /* FirebaseDatabase */ = {
			isa = XCSwiftPackageProductDependency;
			package = DD4F8AC329086B0A00C57AAD /* XCRemoteSwiftPackageReference "firebase-ios-sdk" */;
			productName = FirebaseDatabase;
		};
		DD4F8ACA29086B0A00C57AAD /* FirebaseDatabaseSwift */ = {
			isa = XCSwiftPackageProductDependency;
			package = DD4F8AC329086B0A00C57AAD /* XCRemoteSwiftPackageReference "firebase-ios-sdk" */;
			productName = FirebaseDatabaseSwift;
		};
		DD4F8ACC29086B0A00C57AAD /* FirebaseFirestore */ = {
			isa = XCSwiftPackageProductDependency;
			package = DD4F8AC329086B0A00C57AAD /* XCRemoteSwiftPackageReference "firebase-ios-sdk" */;
			productName = FirebaseFirestore;
		};
		DD4F8ACE29086B0A00C57AAD /* FirebaseFirestoreCombine-Community */ = {
			isa = XCSwiftPackageProductDependency;
			package = DD4F8AC329086B0A00C57AAD /* XCRemoteSwiftPackageReference "firebase-ios-sdk" */;
			productName = "FirebaseFirestoreCombine-Community";
		};
/* End XCSwiftPackageProductDependency section */

/* Begin XCVersionGroup section */
		DD4F8AD8290D72D800C57AAD /* GoldBerry.xcdatamodeld */ = {
			isa = XCVersionGroup;
			children = (
				DD4F8AD9290D72D800C57AAD /* GoldBerry.xcdatamodel */,
			);
			currentVersion = DD4F8AD9290D72D800C57AAD /* GoldBerry.xcdatamodel */;
			name = GoldBerry.xcdatamodeld;
			path = "../../Рабочий стол — MacBook Air — Vadim/GoldBerry/GoldBerry/GoldBerry.xcdatamodeld";
			sourceTree = "<group>";
			versionGroupType = wrapper.xcdatamodel;
		};
/* End XCVersionGroup section */
	};
	rootObject = DD95A8272899ABD100DF346B /* Project object */;
}
