// !$*UTF8*$!
{
	archiveVersion = 1;
	classes = {
	};
	objectVersion = 55;
	objects = {

/* Begin PBXBuildFile section */
		DCA524D528AD31CD00A994F5 /* Font+.swift in Sources */ = {isa = PBXBuildFile; fileRef = DCA524D428AD31CD00A994F5 /* Font+.swift */; };
		DCA5250328AE715100A994F5 /* helveticacyrillicupright.ttf in Resources */ = {isa = PBXBuildFile; fileRef = DCA5250228AE715100A994F5 /* helveticacyrillicupright.ttf */; };
		DCA5250528AE750A00A994F5 /* Color+.swift in Sources */ = {isa = PBXBuildFile; fileRef = DCA5250428AE750A00A994F5 /* Color+.swift */; };
		DCA5250828AE7F7E00A994F5 /* Order.swift in Sources */ = {isa = PBXBuildFile; fileRef = DCA5250728AE7F7E00A994F5 /* Order.swift */; };
		DCA5250A28AE813700A994F5 /* OrderCell.swift in Sources */ = {isa = PBXBuildFile; fileRef = DCA5250928AE813700A994F5 /* OrderCell.swift */; };
		DCA5250C28AE815200A994F5 /* OrderInfoView.swift in Sources */ = {isa = PBXBuildFile; fileRef = DCA5250B28AE815200A994F5 /* OrderInfoView.swift */; };
		DCA5251428AEBC5200A994F5 /* UZSans-SemiBold.ttf in Resources */ = {isa = PBXBuildFile; fileRef = DCA5250F28AEBC5200A994F5 /* UZSans-SemiBold.ttf */; };
		DCA5251528AEBC5200A994F5 /* UZSans-Medium.ttf in Resources */ = {isa = PBXBuildFile; fileRef = DCA5251028AEBC5200A994F5 /* UZSans-Medium.ttf */; };
		DCA5251628AEBC5200A994F5 /* UZSans-Light.ttf in Resources */ = {isa = PBXBuildFile; fileRef = DCA5251128AEBC5200A994F5 /* UZSans-Light.ttf */; };
		DCA5251728AEBC5200A994F5 /* UZSans-Bold.ttf in Resources */ = {isa = PBXBuildFile; fileRef = DCA5251228AEBC5200A994F5 /* UZSans-Bold.ttf */; };
		DCA5251828AEBC5200A994F5 /* UZSans-Regular.ttf in Resources */ = {isa = PBXBuildFile; fileRef = DCA5251328AEBC5200A994F5 /* UZSans-Regular.ttf */; };
		DD539A59289AEFDD006F1CD1 /* ProductsView.swift in Sources */ = {isa = PBXBuildFile; fileRef = DD539A58289AEFDD006F1CD1 /* ProductsView.swift */; };
		DD539A6328A01F62006F1CD1 /* CartView.swift in Sources */ = {isa = PBXBuildFile; fileRef = DD539A6228A01F62006F1CD1 /* CartView.swift */; };
		DD539A6528A02839006F1CD1 /* TabBarViewModel.swift in Sources */ = {isa = PBXBuildFile; fileRef = DD539A6428A02839006F1CD1 /* TabBarViewModel.swift */; };
		DD539A6928A02A63006F1CD1 /* OrdersView.swift in Sources */ = {isa = PBXBuildFile; fileRef = DD539A6828A02A62006F1CD1 /* OrdersView.swift */; };
		DD93806F28B4269C00808E88 /* OrderViewModel.swift in Sources */ = {isa = PBXBuildFile; fileRef = DD93806E28B4269C00808E88 /* OrderViewModel.swift */; };
		DD95A8332899ABD200DF346B /* GoldBerryApp.swift in Sources */ = {isa = PBXBuildFile; fileRef = DD95A8322899ABD200DF346B /* GoldBerryApp.swift */; };
		DD95A8352899ABD200DF346B /* ContentView.swift in Sources */ = {isa = PBXBuildFile; fileRef = DD95A8342899ABD200DF346B /* ContentView.swift */; };
		DD95A8372899ABD600DF346B /* Assets.xcassets in Resources */ = {isa = PBXBuildFile; fileRef = DD95A8362899ABD600DF346B /* Assets.xcassets */; };
		DD95A83A2899ABD600DF346B /* Preview Assets.xcassets in Resources */ = {isa = PBXBuildFile; fileRef = DD95A8392899ABD600DF346B /* Preview Assets.xcassets */; };
		DD95A83C2899ABD600DF346B /* Persistence.swift in Sources */ = {isa = PBXBuildFile; fileRef = DD95A83B2899ABD600DF346B /* Persistence.swift */; };
		DD95A83F2899ABD600DF346B /* GoldBerry.xcdatamodeld in Sources */ = {isa = PBXBuildFile; fileRef = DD95A83D2899ABD600DF346B /* GoldBerry.xcdatamodeld */; };
		DDBA58DE28A0419100FFC3A5 /* CategoriesCell.swift in Sources */ = {isa = PBXBuildFile; fileRef = DDBA58DD28A0419100FFC3A5 /* CategoriesCell.swift */; };
		DDBA58E028A1551400FFC3A5 /* AllProductsCell.swift in Sources */ = {isa = PBXBuildFile; fileRef = DDBA58DF28A1551400FFC3A5 /* AllProductsCell.swift */; };
		DDBA58E228A16E3B00FFC3A5 /* InformationProductView.swift in Sources */ = {isa = PBXBuildFile; fileRef = DDBA58E128A16E3B00FFC3A5 /* InformationProductView.swift */; };
		DDBA58E428A9371400FFC3A5 /* AssemblyOfTheOrderView.swift in Sources */ = {isa = PBXBuildFile; fileRef = DDBA58E328A9371400FFC3A5 /* AssemblyOfTheOrderView.swift */; };
		DDBA58E928AAB18A00FFC3A5 /* ImageCart.swift in Sources */ = {isa = PBXBuildFile; fileRef = DDBA58E828AAB18A00FFC3A5 /* ImageCart.swift */; };
		DDBA58EB28AAB43900FFC3A5 /* Fruit.swift in Sources */ = {isa = PBXBuildFile; fileRef = DDBA58EA28AAB43900FFC3A5 /* Fruit.swift */; };
		DDBA58EF28AAB80D00FFC3A5 /* FruitListCell.swift in Sources */ = {isa = PBXBuildFile; fileRef = DDBA58EE28AAB80D00FFC3A5 /* FruitListCell.swift */; };
/* End PBXBuildFile section */

/* Begin PBXFileReference section */
		DCA524D428AD31CD00A994F5 /* Font+.swift */ = {isa = PBXFileReference; lastKnownFileType = sourcecode.swift; path = "Font+.swift"; sourceTree = "<group>"; };
		DCA5250228AE715100A994F5 /* helveticacyrillicupright.ttf */ = {isa = PBXFileReference; lastKnownFileType = file; path = helveticacyrillicupright.ttf; sourceTree = "<group>"; };
		DCA5250428AE750A00A994F5 /* Color+.swift */ = {isa = PBXFileReference; lastKnownFileType = sourcecode.swift; path = "Color+.swift"; sourceTree = "<group>"; };
		DCA5250728AE7F7E00A994F5 /* Order.swift */ = {isa = PBXFileReference; lastKnownFileType = sourcecode.swift; path = Order.swift; sourceTree = "<group>"; };
		DCA5250928AE813700A994F5 /* OrderCell.swift */ = {isa = PBXFileReference; lastKnownFileType = sourcecode.swift; path = OrderCell.swift; sourceTree = "<group>"; };
		DCA5250B28AE815200A994F5 /* OrderInfoView.swift */ = {isa = PBXFileReference; lastKnownFileType = sourcecode.swift; path = OrderInfoView.swift; sourceTree = "<group>"; };
		DCA5250F28AEBC5200A994F5 /* UZSans-SemiBold.ttf */ = {isa = PBXFileReference; lastKnownFileType = file; path = "UZSans-SemiBold.ttf"; sourceTree = "<group>"; };
		DCA5251028AEBC5200A994F5 /* UZSans-Medium.ttf */ = {isa = PBXFileReference; lastKnownFileType = file; path = "UZSans-Medium.ttf"; sourceTree = "<group>"; };
		DCA5251128AEBC5200A994F5 /* UZSans-Light.ttf */ = {isa = PBXFileReference; lastKnownFileType = file; path = "UZSans-Light.ttf"; sourceTree = "<group>"; };
		DCA5251228AEBC5200A994F5 /* UZSans-Bold.ttf */ = {isa = PBXFileReference; lastKnownFileType = file; path = "UZSans-Bold.ttf"; sourceTree = "<group>"; };
		DCA5251328AEBC5200A994F5 /* UZSans-Regular.ttf */ = {isa = PBXFileReference; lastKnownFileType = file; path = "UZSans-Regular.ttf"; sourceTree = "<group>"; };
		DD539A58289AEFDD006F1CD1 /* ProductsView.swift */ = {isa = PBXFileReference; lastKnownFileType = sourcecode.swift; path = ProductsView.swift; sourceTree = "<group>"; };
		DD539A6228A01F62006F1CD1 /* CartView.swift */ = {isa = PBXFileReference; lastKnownFileType = sourcecode.swift; path = CartView.swift; sourceTree = "<group>"; };
		DD539A6428A02839006F1CD1 /* TabBarViewModel.swift */ = {isa = PBXFileReference; lastKnownFileType = sourcecode.swift; path = TabBarViewModel.swift; sourceTree = "<group>"; };
		DD539A6828A02A62006F1CD1 /* OrdersView.swift */ = {isa = PBXFileReference; lastKnownFileType = sourcecode.swift; path = OrdersView.swift; sourceTree = "<group>"; };
		DD93806E28B4269C00808E88 /* OrderViewModel.swift */ = {isa = PBXFileReference; lastKnownFileType = sourcecode.swift; path = OrderViewModel.swift; sourceTree = "<group>"; };
		DD95A82F2899ABD200DF346B /* GoldBerry.app */ = {isa = PBXFileReference; explicitFileType = wrapper.application; includeInIndex = 0; path = GoldBerry.app; sourceTree = BUILT_PRODUCTS_DIR; };
		DD95A8322899ABD200DF346B /* GoldBerryApp.swift */ = {isa = PBXFileReference; lastKnownFileType = sourcecode.swift; path = GoldBerryApp.swift; sourceTree = "<group>"; };
		DD95A8342899ABD200DF346B /* ContentView.swift */ = {isa = PBXFileReference; lastKnownFileType = sourcecode.swift; path = ContentView.swift; sourceTree = "<group>"; };
		DD95A8362899ABD600DF346B /* Assets.xcassets */ = {isa = PBXFileReference; lastKnownFileType = folder.assetcatalog; path = Assets.xcassets; sourceTree = "<group>"; };
		DD95A8392899ABD600DF346B /* Preview Assets.xcassets */ = {isa = PBXFileReference; lastKnownFileType = folder.assetcatalog; path = "Preview Assets.xcassets"; sourceTree = "<group>"; };
		DD95A83B2899ABD600DF346B /* Persistence.swift */ = {isa = PBXFileReference; lastKnownFileType = sourcecode.swift; path = Persistence.swift; sourceTree = "<group>"; };
		DD95A83E2899ABD600DF346B /* GoldBerry.xcdatamodel */ = {isa = PBXFileReference; lastKnownFileType = wrapper.xcdatamodel; path = GoldBerry.xcdatamodel; sourceTree = "<group>"; };
		DDBA58DD28A0419100FFC3A5 /* CategoriesCell.swift */ = {isa = PBXFileReference; lastKnownFileType = sourcecode.swift; path = CategoriesCell.swift; sourceTree = "<group>"; };
		DDBA58DF28A1551400FFC3A5 /* AllProductsCell.swift */ = {isa = PBXFileReference; lastKnownFileType = sourcecode.swift; path = AllProductsCell.swift; sourceTree = "<group>"; };
		DDBA58E128A16E3B00FFC3A5 /* InformationProductView.swift */ = {isa = PBXFileReference; lastKnownFileType = sourcecode.swift; path = InformationProductView.swift; sourceTree = "<group>"; };
		DDBA58E328A9371400FFC3A5 /* AssemblyOfTheOrderView.swift */ = {isa = PBXFileReference; lastKnownFileType = sourcecode.swift; path = AssemblyOfTheOrderView.swift; sourceTree = "<group>"; };
		DDBA58E828AAB18A00FFC3A5 /* ImageCart.swift */ = {isa = PBXFileReference; lastKnownFileType = sourcecode.swift; path = ImageCart.swift; sourceTree = "<group>"; };
		DDBA58EA28AAB43900FFC3A5 /* Fruit.swift */ = {isa = PBXFileReference; lastKnownFileType = sourcecode.swift; path = Fruit.swift; sourceTree = "<group>"; };
		DDBA58EE28AAB80D00FFC3A5 /* FruitListCell.swift */ = {isa = PBXFileReference; lastKnownFileType = sourcecode.swift; path = FruitListCell.swift; sourceTree = "<group>"; };
/* End PBXFileReference section */

/* Begin PBXFrameworksBuildPhase section */
		DD95A82C2899ABD200DF346B /* Frameworks */ = {
			isa = PBXFrameworksBuildPhase;
			buildActionMask = 2147483647;
			files = (
			);
			runOnlyForDeploymentPostprocessing = 0;
		};
/* End PBXFrameworksBuildPhase section */

/* Begin PBXGroup section */
		DCA524D328AD31BF00A994F5 /* Extensions */ = {
			isa = PBXGroup;
			children = (
				DCA524D428AD31CD00A994F5 /* Font+.swift */,
				DCA5250428AE750A00A994F5 /* Color+.swift */,
			);
			path = Extensions;
			sourceTree = "<group>";
		};
		DCA524D628AD31EB00A994F5 /* Fonts */ = {
			isa = PBXGroup;
			children = (
				DCA5250228AE715100A994F5 /* helveticacyrillicupright.ttf */,
				DCA5251228AEBC5200A994F5 /* UZSans-Bold.ttf */,
				DCA5251128AEBC5200A994F5 /* UZSans-Light.ttf */,
				DCA5251028AEBC5200A994F5 /* UZSans-Medium.ttf */,
				DCA5251328AEBC5200A994F5 /* UZSans-Regular.ttf */,
				DCA5250F28AEBC5200A994F5 /* UZSans-SemiBold.ttf */,
			);
			path = Fonts;
			sourceTree = "<group>";
		};
		DCA5250628AE7F2B00A994F5 /* OrdersView */ = {
			isa = PBXGroup;
			children = (
				DD539A6828A02A62006F1CD1 /* OrdersView.swift */,
				DCA5250928AE813700A994F5 /* OrderCell.swift */,
				DCA5250B28AE815200A994F5 /* OrderInfoView.swift */,
			);
			path = OrdersView;
			sourceTree = "<group>";
		};
		DD539A54289AEAF6006F1CD1 /* ViewModels */ = {
			isa = PBXGroup;
			children = (
				DD539A6428A02839006F1CD1 /* TabBarViewModel.swift */,
				DD93806E28B4269C00808E88 /* OrderViewModel.swift */,
			);
			path = ViewModels;
			sourceTree = "<group>";
		};
		DD539A55289AEB22006F1CD1 /* Views */ = {
			isa = PBXGroup;
			children = (
				DD95A8342899ABD200DF346B /* ContentView.swift */,
				DD539A6A28A040C4006F1CD1 /* Categories */,
				DD539A6228A01F62006F1CD1 /* CartView.swift */,
				DCA5250628AE7F2B00A994F5 /* OrdersView */,
			);
			path = Views;
			sourceTree = "<group>";
		};
		DD539A56289AEB2A006F1CD1 /* Models */ = {
			isa = PBXGroup;
			children = (
				DDBA58EA28AAB43900FFC3A5 /* Fruit.swift */,
				DCA5250728AE7F7E00A994F5 /* Order.swift */,
			);
			path = Models;
			sourceTree = "<group>";
		};
		DD539A57289AEB32006F1CD1 /* Utilites */ = {
			isa = PBXGroup;
			children = (
				DD95A83B2899ABD600DF346B /* Persistence.swift */,
			);
			path = Utilites;
			sourceTree = "<group>";
		};
		DD539A6A28A040C4006F1CD1 /* Categories */ = {
			isa = PBXGroup;
			children = (
				DDBA58F028AABDEB00FFC3A5 /* Products */,
				DDBA58EC28AAB7CB00FFC3A5 /* CartView */,
			);
			path = Categories;
			sourceTree = "<group>";
		};
		DD539A6B28A040E8006F1CD1 /* CellProductsView */ = {
			isa = PBXGroup;
			children = (
				DDBA58E128A16E3B00FFC3A5 /* InformationProductView.swift */,
				DDBA58DD28A0419100FFC3A5 /* CategoriesCell.swift */,
				DDBA58DF28A1551400FFC3A5 /* AllProductsCell.swift */,
			);
			path = CellProductsView;
			sourceTree = "<group>";
		};
		DD95A8262899ABD100DF346B = {
			isa = PBXGroup;
			children = (
				DD95A8312899ABD200DF346B /* GoldBerry */,
				DD95A8302899ABD200DF346B /* Products */,
			);
			sourceTree = "<group>";
		};
		DD95A8302899ABD200DF346B /* Products */ = {
			isa = PBXGroup;
			children = (
				DD95A82F2899ABD200DF346B /* GoldBerry.app */,
			);
			name = Products;
			sourceTree = "<group>";
		};
		DD95A8312899ABD200DF346B /* GoldBerry */ = {
			isa = PBXGroup;
			children = (
				DCA524D628AD31EB00A994F5 /* Fonts */,
				DCA524D328AD31BF00A994F5 /* Extensions */,
				DD539A57289AEB32006F1CD1 /* Utilites */,
				DD539A56289AEB2A006F1CD1 /* Models */,
				DD539A55289AEB22006F1CD1 /* Views */,
				DD539A54289AEAF6006F1CD1 /* ViewModels */,
				DD95A8362899ABD600DF346B /* Assets.xcassets */,
				DD95A8322899ABD200DF346B /* GoldBerryApp.swift */,
				DD95A83D2899ABD600DF346B /* GoldBerry.xcdatamodeld */,
				DD95A8382899ABD600DF346B /* Preview Content */,
			);
			path = GoldBerry;
			sourceTree = "<group>";
		};
		DD95A8382899ABD600DF346B /* Preview Content */ = {
			isa = PBXGroup;
			children = (
				DD95A8392899ABD600DF346B /* Preview Assets.xcassets */,
			);
			path = "Preview Content";
			sourceTree = "<group>";
		};
		DDBA58E728AAB16C00FFC3A5 /* ExtensionView */ = {
			isa = PBXGroup;
			children = (
				DDBA58E828AAB18A00FFC3A5 /* ImageCart.swift */,
			);
			path = ExtensionView;
			sourceTree = "<group>";
		};
		DDBA58EC28AAB7CB00FFC3A5 /* CartView */ = {
			isa = PBXGroup;
			children = (
				DDBA58ED28AAB7F000FFC3A5 /* CellCartView */,
				DDBA58E328A9371400FFC3A5 /* AssemblyOfTheOrderView.swift */,
				DDBA58E728AAB16C00FFC3A5 /* ExtensionView */,
			);
			path = CartView;
			sourceTree = "<group>";
		};
		DDBA58ED28AAB7F000FFC3A5 /* CellCartView */ = {
			isa = PBXGroup;
			children = (
				DDBA58EE28AAB80D00FFC3A5 /* FruitListCell.swift */,
			);
			path = CellCartView;
			sourceTree = "<group>";
		};
		DDBA58F028AABDEB00FFC3A5 /* Products */ = {
			isa = PBXGroup;
			children = (
				DD539A6B28A040E8006F1CD1 /* CellProductsView */,
				DD539A58289AEFDD006F1CD1 /* ProductsView.swift */,
			);
			path = Products;
			sourceTree = "<group>";
		};
/* End PBXGroup section */

/* Begin PBXNativeTarget section */
		DD95A82E2899ABD200DF346B /* GoldBerry */ = {
			isa = PBXNativeTarget;
			buildConfigurationList = DD95A8422899ABD600DF346B /* Build configuration list for PBXNativeTarget "GoldBerry" */;
			buildPhases = (
				DD95A82B2899ABD200DF346B /* Sources */,
				DD95A82C2899ABD200DF346B /* Frameworks */,
				DD95A82D2899ABD200DF346B /* Resources */,
			);
			buildRules = (
			);
			dependencies = (
			);
			name = GoldBerry;
			productName = GoldBerry;
			productReference = DD95A82F2899ABD200DF346B /* GoldBerry.app */;
			productType = "com.apple.product-type.application";
		};
/* End PBXNativeTarget section */

/* Begin PBXProject section */
		DD95A8272899ABD100DF346B /* Project object */ = {
			isa = PBXProject;
			attributes = {
				BuildIndependentTargetsInParallel = 1;
				LastSwiftUpdateCheck = 1340;
				LastUpgradeCheck = 1340;
				TargetAttributes = {
					DD95A82E2899ABD200DF346B = {
						CreatedOnToolsVersion = 13.4.1;
					};
				};
			};
			buildConfigurationList = DD95A82A2899ABD100DF346B /* Build configuration list for PBXProject "GoldBerry" */;
			compatibilityVersion = "Xcode 13.0";
			developmentRegion = en;
			hasScannedForEncodings = 0;
			knownRegions = (
				en,
				Base,
			);
			mainGroup = DD95A8262899ABD100DF346B;
			productRefGroup = DD95A8302899ABD200DF346B /* Products */;
			projectDirPath = "";
			projectRoot = "";
			targets = (
				DD95A82E2899ABD200DF346B /* GoldBerry */,
			);
		};
/* End PBXProject section */

/* Begin PBXResourcesBuildPhase section */
		DD95A82D2899ABD200DF346B /* Resources */ = {
			isa = PBXResourcesBuildPhase;
			buildActionMask = 2147483647;
			files = (
				DCA5250328AE715100A994F5 /* helveticacyrillicupright.ttf in Resources */,
				DCA5251828AEBC5200A994F5 /* UZSans-Regular.ttf in Resources */,
				DD95A83A2899ABD600DF346B /* Preview Assets.xcassets in Resources */,
				DD95A8372899ABD600DF346B /* Assets.xcassets in Resources */,
				DCA5251728AEBC5200A994F5 /* UZSans-Bold.ttf in Resources */,
				DCA5251628AEBC5200A994F5 /* UZSans-Light.ttf in Resources */,
				DCA5251428AEBC5200A994F5 /* UZSans-SemiBold.ttf in Resources */,
				DCA5251528AEBC5200A994F5 /* UZSans-Medium.ttf in Resources */,
			);
			runOnlyForDeploymentPostprocessing = 0;
		};
/* End PBXResourcesBuildPhase section */

/* Begin PBXSourcesBuildPhase section */
		DD95A82B2899ABD200DF346B /* Sources */ = {
			isa = PBXSourcesBuildPhase;
			buildActionMask = 2147483647;
			files = (
				DDBA58E428A9371400FFC3A5 /* AssemblyOfTheOrderView.swift in Sources */,
				DDBA58EF28AAB80D00FFC3A5 /* FruitListCell.swift in Sources */,
				DDBA58DE28A0419100FFC3A5 /* CategoriesCell.swift in Sources */,
				DCA5250528AE750A00A994F5 /* Color+.swift in Sources */,
				DD539A6328A01F62006F1CD1 /* CartView.swift in Sources */,
				DD95A83F2899ABD600DF346B /* GoldBerry.xcdatamodeld in Sources */,
				DDBA58E928AAB18A00FFC3A5 /* ImageCart.swift in Sources */,
				DD95A83C2899ABD600DF346B /* Persistence.swift in Sources */,
				DCA5250A28AE813700A994F5 /* OrderCell.swift in Sources */,
				DDBA58EB28AAB43900FFC3A5 /* Fruit.swift in Sources */,
				DCA524D528AD31CD00A994F5 /* Font+.swift in Sources */,
				DDBA58E228A16E3B00FFC3A5 /* InformationProductView.swift in Sources */,
				DD93806F28B4269C00808E88 /* OrderViewModel.swift in Sources */,
				DD95A8352899ABD200DF346B /* ContentView.swift in Sources */,
				DCA5250828AE7F7E00A994F5 /* Order.swift in Sources */,
				DD95A8332899ABD200DF346B /* GoldBerryApp.swift in Sources */,
				DD539A6928A02A63006F1CD1 /* OrdersView.swift in Sources */,
				DDBA58E028A1551400FFC3A5 /* AllProductsCell.swift in Sources */,
				DCA5250C28AE815200A994F5 /* OrderInfoView.swift in Sources */,
				DD539A6528A02839006F1CD1 /* TabBarViewModel.swift in Sources */,
				DD539A59289AEFDD006F1CD1 /* ProductsView.swift in Sources */,
			);
			runOnlyForDeploymentPostprocessing = 0;
		};
/* End PBXSourcesBuildPhase section */

/* Begin XCBuildConfiguration section */
		DD95A8402899ABD600DF346B /* Debug */ = {
			isa = XCBuildConfiguration;
			buildSettings = {
				ALWAYS_SEARCH_USER_PATHS = NO;
				CLANG_ANALYZER_NONNULL = YES;
				CLANG_ANALYZER_NUMBER_OBJECT_CONVERSION = YES_AGGRESSIVE;
				CLANG_CXX_LANGUAGE_STANDARD = "gnu++17";
				CLANG_ENABLE_MODULES = YES;
				CLANG_ENABLE_OBJC_ARC = YES;
				CLANG_ENABLE_OBJC_WEAK = YES;
				CLANG_WARN_BLOCK_CAPTURE_AUTORELEASING = YES;
				CLANG_WARN_BOOL_CONVERSION = YES;
				CLANG_WARN_COMMA = YES;
				CLANG_WARN_CONSTANT_CONVERSION = YES;
				CLANG_WARN_DEPRECATED_OBJC_IMPLEMENTATIONS = YES;
				CLANG_WARN_DIRECT_OBJC_ISA_USAGE = YES_ERROR;
				CLANG_WARN_DOCUMENTATION_COMMENTS = YES;
				CLANG_WARN_EMPTY_BODY = YES;
				CLANG_WARN_ENUM_CONVERSION = YES;
				CLANG_WARN_INFINITE_RECURSION = YES;
				CLANG_WARN_INT_CONVERSION = YES;
				CLANG_WARN_NON_LITERAL_NULL_CONVERSION = YES;
				CLANG_WARN_OBJC_IMPLICIT_RETAIN_SELF = YES;
				CLANG_WARN_OBJC_LITERAL_CONVERSION = YES;
				CLANG_WARN_OBJC_ROOT_CLASS = YES_ERROR;
				CLANG_WARN_QUOTED_INCLUDE_IN_FRAMEWORK_HEADER = YES;
				CLANG_WARN_RANGE_LOOP_ANALYSIS = YES;
				CLANG_WARN_STRICT_PROTOTYPES = YES;
				CLANG_WARN_SUSPICIOUS_MOVE = YES;
				CLANG_WARN_UNGUARDED_AVAILABILITY = YES_AGGRESSIVE;
				CLANG_WARN_UNREACHABLE_CODE = YES;
				CLANG_WARN__DUPLICATE_METHOD_MATCH = YES;
				COPY_PHASE_STRIP = NO;
				DEBUG_INFORMATION_FORMAT = dwarf;
				ENABLE_STRICT_OBJC_MSGSEND = YES;
				ENABLE_TESTABILITY = YES;
				GCC_C_LANGUAGE_STANDARD = gnu11;
				GCC_DYNAMIC_NO_PIC = NO;
				GCC_NO_COMMON_BLOCKS = YES;
				GCC_OPTIMIZATION_LEVEL = 0;
				GCC_PREPROCESSOR_DEFINITIONS = (
					"DEBUG=1",
					"$(inherited)",
				);
				GCC_WARN_64_TO_32_BIT_CONVERSION = YES;
				GCC_WARN_ABOUT_RETURN_TYPE = YES_ERROR;
				GCC_WARN_UNDECLARED_SELECTOR = YES;
				GCC_WARN_UNINITIALIZED_AUTOS = YES_AGGRESSIVE;
				GCC_WARN_UNUSED_FUNCTION = YES;
				GCC_WARN_UNUSED_VARIABLE = YES;
				IPHONEOS_DEPLOYMENT_TARGET = 15.5;
				MTL_ENABLE_DEBUG_INFO = INCLUDE_SOURCE;
				MTL_FAST_MATH = YES;
				ONLY_ACTIVE_ARCH = YES;
				SDKROOT = iphoneos;
				SWIFT_ACTIVE_COMPILATION_CONDITIONS = DEBUG;
				SWIFT_OPTIMIZATION_LEVEL = "-Onone";
			};
			name = Debug;
		};
		DD95A8412899ABD600DF346B /* Release */ = {
			isa = XCBuildConfiguration;
			buildSettings = {
				ALWAYS_SEARCH_USER_PATHS = NO;
				CLANG_ANALYZER_NONNULL = YES;
				CLANG_ANALYZER_NUMBER_OBJECT_CONVERSION = YES_AGGRESSIVE;
				CLANG_CXX_LANGUAGE_STANDARD = "gnu++17";
				CLANG_ENABLE_MODULES = YES;
				CLANG_ENABLE_OBJC_ARC = YES;
				CLANG_ENABLE_OBJC_WEAK = YES;
				CLANG_WARN_BLOCK_CAPTURE_AUTORELEASING = YES;
				CLANG_WARN_BOOL_CONVERSION = YES;
				CLANG_WARN_COMMA = YES;
				CLANG_WARN_CONSTANT_CONVERSION = YES;
				CLANG_WARN_DEPRECATED_OBJC_IMPLEMENTATIONS = YES;
				CLANG_WARN_DIRECT_OBJC_ISA_USAGE = YES_ERROR;
				CLANG_WARN_DOCUMENTATION_COMMENTS = YES;
				CLANG_WARN_EMPTY_BODY = YES;
				CLANG_WARN_ENUM_CONVERSION = YES;
				CLANG_WARN_INFINITE_RECURSION = YES;
				CLANG_WARN_INT_CONVERSION = YES;
				CLANG_WARN_NON_LITERAL_NULL_CONVERSION = YES;
				CLANG_WARN_OBJC_IMPLICIT_RETAIN_SELF = YES;
				CLANG_WARN_OBJC_LITERAL_CONVERSION = YES;
				CLANG_WARN_OBJC_ROOT_CLASS = YES_ERROR;
				CLANG_WARN_QUOTED_INCLUDE_IN_FRAMEWORK_HEADER = YES;
				CLANG_WARN_RANGE_LOOP_ANALYSIS = YES;
				CLANG_WARN_STRICT_PROTOTYPES = YES;
				CLANG_WARN_SUSPICIOUS_MOVE = YES;
				CLANG_WARN_UNGUARDED_AVAILABILITY = YES_AGGRESSIVE;
				CLANG_WARN_UNREACHABLE_CODE = YES;
				CLANG_WARN__DUPLICATE_METHOD_MATCH = YES;
				COPY_PHASE_STRIP = NO;
				DEBUG_INFORMATION_FORMAT = "dwarf-with-dsym";
				ENABLE_NS_ASSERTIONS = NO;
				ENABLE_STRICT_OBJC_MSGSEND = YES;
				GCC_C_LANGUAGE_STANDARD = gnu11;
				GCC_NO_COMMON_BLOCKS = YES;
				GCC_WARN_64_TO_32_BIT_CONVERSION = YES;
				GCC_WARN_ABOUT_RETURN_TYPE = YES_ERROR;
				GCC_WARN_UNDECLARED_SELECTOR = YES;
				GCC_WARN_UNINITIALIZED_AUTOS = YES_AGGRESSIVE;
				GCC_WARN_UNUSED_FUNCTION = YES;
				GCC_WARN_UNUSED_VARIABLE = YES;
				IPHONEOS_DEPLOYMENT_TARGET = 15.5;
				MTL_ENABLE_DEBUG_INFO = NO;
				MTL_FAST_MATH = YES;
				SDKROOT = iphoneos;
				SWIFT_COMPILATION_MODE = wholemodule;
				SWIFT_OPTIMIZATION_LEVEL = "-O";
				VALIDATE_PRODUCT = YES;
			};
			name = Release;
		};
		DD95A8432899ABD600DF346B /* Debug */ = {
			isa = XCBuildConfiguration;
			buildSettings = {
				ASSETCATALOG_COMPILER_APPICON_NAME = AppIcon;
				ASSETCATALOG_COMPILER_GLOBAL_ACCENT_COLOR_NAME = AccentColor;
				CODE_SIGN_IDENTITY = "Apple Development";
				CODE_SIGN_STYLE = Automatic;
				CURRENT_PROJECT_VERSION = 1;
				DEVELOPMENT_ASSET_PATHS = "\"GoldBerry/Preview Content\"";
				DEVELOPMENT_TEAM = B9S2MDX3F7;
				ENABLE_PREVIEWS = YES;
				GENERATE_INFOPLIST_FILE = YES;
				INFOPLIST_FILE = GoldBerry/Info.plist;
				INFOPLIST_KEY_UIApplicationSceneManifest_Generation = YES;
				INFOPLIST_KEY_UIApplicationSupportsIndirectInputEvents = YES;
				INFOPLIST_KEY_UILaunchScreen_Generation = YES;
				INFOPLIST_KEY_UISupportedInterfaceOrientations_iPad = "UIInterfaceOrientationPortrait UIInterfaceOrientationPortraitUpsideDown UIInterfaceOrientationLandscapeLeft UIInterfaceOrientationLandscapeRight";
				INFOPLIST_KEY_UISupportedInterfaceOrientations_iPhone = "UIInterfaceOrientationPortrait UIInterfaceOrientationLandscapeLeft UIInterfaceOrientationLandscapeRight";
				IPHONEOS_DEPLOYMENT_TARGET = 15.5;
				LD_RUNPATH_SEARCH_PATHS = (
					"$(inherited)",
					"@executable_path/Frameworks",
				);
				MARKETING_VERSION = 1.0;
				PRODUCT_BUNDLE_IDENTIFIER = "-1101.GoldBerrys";
				PRODUCT_NAME = "$(TARGET_NAME)";
				PROVISIONING_PROFILE_SPECIFIER = "";
				SWIFT_EMIT_LOC_STRINGS = YES;
				SWIFT_VERSION = 5.0;
				TARGETED_DEVICE_FAMILY = "1,2";
			};
			name = Debug;
		};
		DD95A8442899ABD600DF346B /* Release */ = {
			isa = XCBuildConfiguration;
			buildSettings = {
				ASSETCATALOG_COMPILER_APPICON_NAME = AppIcon;
				ASSETCATALOG_COMPILER_GLOBAL_ACCENT_COLOR_NAME = AccentColor;
				CODE_SIGN_STYLE = Automatic;
				CURRENT_PROJECT_VERSION = 1;
				DEVELOPMENT_ASSET_PATHS = "\"GoldBerry/Preview Content\"";
				DEVELOPMENT_TEAM = B9S2MDX3F7;
				ENABLE_PREVIEWS = YES;
				GENERATE_INFOPLIST_FILE = YES;
				INFOPLIST_FILE = GoldBerry/Info.plist;
				INFOPLIST_KEY_UIApplicationSceneManifest_Generation = YES;
				INFOPLIST_KEY_UIApplicationSupportsIndirectInputEvents = YES;
				INFOPLIST_KEY_UILaunchScreen_Generation = YES;
				INFOPLIST_KEY_UISupportedInterfaceOrientations_iPad = "UIInterfaceOrientationPortrait UIInterfaceOrientationPortraitUpsideDown UIInterfaceOrientationLandscapeLeft UIInterfaceOrientationLandscapeRight";
				INFOPLIST_KEY_UISupportedInterfaceOrientations_iPhone = "UIInterfaceOrientationPortrait UIInterfaceOrientationLandscapeLeft UIInterfaceOrientationLandscapeRight";
				IPHONEOS_DEPLOYMENT_TARGET = 15.5;
				LD_RUNPATH_SEARCH_PATHS = (
					"$(inherited)",
					"@executable_path/Frameworks",
				);
				MARKETING_VERSION = 1.0;
				ONLY_ACTIVE_ARCH = YES;
				PRODUCT_BUNDLE_IDENTIFIER = "-1101.GoldBerry";
				PRODUCT_NAME = "$(TARGET_NAME)";
				SWIFT_EMIT_LOC_STRINGS = YES;
				SWIFT_VERSION = 5.0;
				TARGETED_DEVICE_FAMILY = "1,2";
			};
			name = Release;
		};
/* End XCBuildConfiguration section */

/* Begin XCConfigurationList section */
		DD95A82A2899ABD100DF346B /* Build configuration list for PBXProject "GoldBerry" */ = {
			isa = XCConfigurationList;
			buildConfigurations = (
				DD95A8402899ABD600DF346B /* Debug */,
				DD95A8412899ABD600DF346B /* Release */,
			);
			defaultConfigurationIsVisible = 0;
			defaultConfigurationName = Release;
		};
		DD95A8422899ABD600DF346B /* Build configuration list for PBXNativeTarget "GoldBerry" */ = {
			isa = XCConfigurationList;
			buildConfigurations = (
				DD95A8432899ABD600DF346B /* Debug */,
				DD95A8442899ABD600DF346B /* Release */,
			);
			defaultConfigurationIsVisible = 0;
			defaultConfigurationName = Release;
		};
/* End XCConfigurationList section */

/* Begin XCVersionGroup section */
		DD95A83D2899ABD600DF346B /* GoldBerry.xcdatamodeld */ = {
			isa = XCVersionGroup;
			children = (
				DD95A83E2899ABD600DF346B /* GoldBerry.xcdatamodel */,
			);
			currentVersion = DD95A83E2899ABD600DF346B /* GoldBerry.xcdatamodel */;
			path = GoldBerry.xcdatamodeld;
			sourceTree = "<group>";
			versionGroupType = wrapper.xcdatamodel;
		};
/* End XCVersionGroup section */
	};
	rootObject = DD95A8272899ABD100DF346B /* Project object */;
}
